<Solution>
    <Configurations>
        <Platform Name="ARM64" />
        <Platform Name="x64" />
    </Configurations>
    <Project Path="mpv-winrt/mpv-winrt.vcxproj" Id="bc8615e9-1004-4cf4-8686-d35ec59dc200" />
    <Project Path="mpv-winui/mpv-winui.csproj">
        <Platform Solution="*|ARM64" Project="ARM64" />
        <Platform Solution="*|x64" Project="x64" />
        <Deploy />
    </Project>
</Solution>
